# generated by rye
# use `rye lock` or `rye sync` to update this lockfile
#
# last locked with the following flags:
#   pre: false
#   features: []
#   all-features: false
#   with-sources: false
#   generate-hashes: false
#   universal: false

-e file:.
asgiref==3.8.1
    # via django
certifi==2024.8.30
    # via requests
charset-normalizer==3.3.2
    # via requests
django==5.1.1
    # via web
idna==3.10
    # via requests
pillow==10.4.0
    # via web
psycopg2-binary==2.9.9
    # via web
requests==2.32.3
    # via web
sqlparse==0.5.1
    # via django
urllib3==2.2.3
    # via requests
